Microsoft Visual Studio Solution File, Format Version 12.00
# Visual Studio Version 17
VisualStudioVersion = 17.5.2.0
MinimumVisualStudioVersion = 10.0.40219.1
Project("{2150E333-8FDC-42A3-9474-1A3956D46DE8}") = ".stbuild", ".stbuild", "{DF886409-6142-3D02-2A93-1D95656A22E7}"
EndProject
Project("{2150E333-8FDC-42A3-9474-1A3956D46DE8}") = "project", "project", "{EB1B1211-640D-0C76-A929-990D115248FD}"
EndProject
Project("{FAE04EC0-301F-11D3-BF4B-00C04F79EFBC}") = "stbuild", ".stbuild\build\stbuild.csproj", "{60F7214E-47B6-875E-AB0F-41FD121F17A2}"
EndProject
Project("{FAE04EC0-301F-11D3-BF4B-00C04F79EFBC}") = "DirectCladdingOperationExtension", "project\main\DirectCladdingOperationExtension.csproj", "{BB182881-976A-87E1-8212-EE679BF52479}"
EndProject
Global
	GlobalSection(SolutionConfigurationPlatforms) = preSolution
		Debug|Any CPU = Debug|Any CPU
		Release|Any CPU = Release|Any CPU
	EndGlobalSection
	GlobalSection(ProjectConfigurationPlatforms) = postSolution
		{60F7214E-47B6-875E-AB0F-41FD121F17A2}.Debug|Any CPU.ActiveCfg = Debug|Any CPU
		{60F7214E-47B6-875E-AB0F-41FD121F17A2}.Debug|Any CPU.Build.0 = Debug|Any CPU
		{60F7214E-47B6-875E-AB0F-41FD121F17A2}.Release|Any CPU.ActiveCfg = Release|Any CPU
		{60F7214E-47B6-875E-AB0F-41FD121F17A2}.Release|Any CPU.Build.0 = Release|Any CPU
		{BB182881-976A-87E1-8212-EE679BF52479}.Debug|Any CPU.ActiveCfg = Debug|Any CPU
		{BB182881-976A-87E1-8212-EE679BF52479}.Debug|Any CPU.Build.0 = Debug|Any CPU
		{BB182881-976A-87E1-8212-EE679BF52479}.Release|Any CPU.ActiveCfg = Release|Any CPU
		{BB182881-976A-87E1-8212-EE679BF52479}.Release|Any CPU.Build.0 = Release|Any CPU
	EndGlobalSection
	GlobalSection(SolutionProperties) = preSolution
		HideSolutionNode = FALSE
	EndGlobalSection
	GlobalSection(NestedProjects) = preSolution
		{60F7214E-47B6-875E-AB0F-41FD121F17A2} = {DF886409-6142-3D02-2A93-1D95656A22E7}
		{BB182881-976A-87E1-8212-EE679BF52479} = {EB1B1211-640D-0C76-A929-990D115248FD}
	EndGlobalSection
	GlobalSection(ExtensibilityGlobals) = postSolution
		SolutionGuid = {1E0B09E2-AD0D-472B-9765-622CFBEE61BF}
	EndGlobalSection
EndGlobal
